
Microsoft Visual Studio Solution File, Format Version 12.00
# Visual Studio Version 17
VisualStudioVersion = 17.11.35312.102
MinimumVisualStudioVersion = 10.0.40219.1
Project("{FAE04EC0-301F-11D3-BF4B-00C04F79EFBC}") = "OcelotApp.Gateway", "OcelotApp.Gateway\OcelotApp.Gateway.csproj", "{9019288B-3CAC-4376-8024-0AE157CFCABB}"
EndProject
Project("{FAE04EC0-301F-11D3-BF4B-00C04F79EFBC}") = "OcelotApp.UserApi", "OcelotApp.UserApi\OcelotApp.UserApi.csproj", "{6D9AD743-1CFC-40B1-8AC6-1B7D32EE7622}"
EndProject
Project("{FAE04EC0-301F-11D3-BF4B-00C04F79EFBC}") = "OcelotApp.Products", "OcelotApp.Products\OcelotApp.Products.csproj", "{F2078D53-7229-4933-BC90-846609A762BE}"
EndProject
Global
	GlobalSection(SolutionConfigurationPlatforms) = preSolution
		Debug|Any CPU = Debug|Any CPU
		Release|Any CPU = Release|Any CPU
	EndGlobalSection
	GlobalSection(ProjectConfigurationPlatforms) = postSolution
		{9019288B-3CAC-4376-8024-0AE157CFCABB}.Debug|Any CPU.ActiveCfg = Debug|Any CPU
		{9019288B-3CAC-4376-8024-0AE157CFCABB}.Debug|Any CPU.Build.0 = Debug|Any CPU
		{9019288B-3CAC-4376-8024-0AE157CFCABB}.Release|Any CPU.ActiveCfg = Release|Any CPU
		{9019288B-3CAC-4376-8024-0AE157CFCABB}.Release|Any CPU.Build.0 = Release|Any CPU
		{6D9AD743-1CFC-40B1-8AC6-1B7D32EE7622}.Debug|Any CPU.ActiveCfg = Debug|Any CPU
		{6D9AD743-1CFC-40B1-8AC6-1B7D32EE7622}.Debug|Any CPU.Build.0 = Debug|Any CPU
		{6D9AD743-1CFC-40B1-8AC6-1B7D32EE7622}.Release|Any CPU.ActiveCfg = Release|Any CPU
		{6D9AD743-1CFC-40B1-8AC6-1B7D32EE7622}.Release|Any CPU.Build.0 = Release|Any CPU
		{F2078D53-7229-4933-BC90-846609A762BE}.Debug|Any CPU.ActiveCfg = Debug|Any CPU
		{F2078D53-7229-4933-BC90-846609A762BE}.Debug|Any CPU.Build.0 = Debug|Any CPU
		{F2078D53-7229-4933-BC90-846609A762BE}.Release|Any CPU.ActiveCfg = Release|Any CPU
		{F2078D53-7229-4933-BC90-846609A762BE}.Release|Any CPU.Build.0 = Release|Any CPU
	EndGlobalSection
	GlobalSection(SolutionProperties) = preSolution
		HideSolutionNode = FALSE
	EndGlobalSection
	GlobalSection(ExtensibilityGlobals) = postSolution
		SolutionGuid = {6372CD12-435D-46E4-B9FA-BC82642A60F3}
	EndGlobalSection
EndGlobal
